
Microsoft Visual Studio Solution File, Format Version 12.00
# Visual Studio Version 16
VisualStudioVersion = 16.0.30014.187
MinimumVisualStudioVersion = 10.0.40219.1
Project("{FAE04EC0-301F-11D3-BF4B-00C04F79EFBC}") = "PrognozaMeteoOrase.Android", "PrognozaMeteoOrase\PrognozaMeteoOrase.Android\PrognozaMeteoOrase.Android.csproj", "{CA9FAF26-3400-498E-9524-635EC830D4B6}"
EndProject
Project("{FAE04EC0-301F-11D3-BF4B-00C04F79EFBC}") = "PrognozaMeteoOrase.iOS", "PrognozaMeteoOrase\PrognozaMeteoOrase.iOS\PrognozaMeteoOrase.iOS.csproj", "{029649F0-091B-455C-988B-5FA139D07ABB}"
EndProject
Project("{FAE04EC0-301F-11D3-BF4B-00C04F79EFBC}") = "PrognozaMeteoOrase", "PrognozaMeteoOrase\PrognozaMeteoOrase\PrognozaMeteoOrase.csproj", "{364C9CA3-D77F-411A-B5D2-119874C4B48A}"
EndProject
Global
	GlobalSection(SolutionConfigurationPlatforms) = preSolution
		Debug|Any CPU = Debug|Any CPU
		Debug|iPhone = Debug|iPhone
		Debug|iPhoneSimulator = Debug|iPhoneSimulator
		Release|Any CPU = Release|Any CPU
		Release|iPhone = Release|iPhone
		Release|iPhoneSimulator = Release|iPhoneSimulator
	EndGlobalSection
	GlobalSection(ProjectConfigurationPlatforms) = postSolution
		{CA9FAF26-3400-498E-9524-635EC830D4B6}.Debug|Any CPU.ActiveCfg = Debug|Any CPU
		{CA9FAF26-3400-498E-9524-635EC830D4B6}.Debug|Any CPU.Build.0 = Debug|Any CPU
		{CA9FAF26-3400-498E-9524-635EC830D4B6}.Debug|Any CPU.Deploy.0 = Debug|Any CPU
		{CA9FAF26-3400-498E-9524-635EC830D4B6}.Debug|iPhone.ActiveCfg = Debug|Any CPU
		{CA9FAF26-3400-498E-9524-635EC830D4B6}.Debug|iPhone.Build.0 = Debug|Any CPU
		{CA9FAF26-3400-498E-9524-635EC830D4B6}.Debug|iPhone.Deploy.0 = Debug|Any CPU
		{CA9FAF26-3400-498E-9524-635EC830D4B6}.Debug|iPhoneSimulator.ActiveCfg = Debug|Any CPU
		{CA9FAF26-3400-498E-9524-635EC830D4B6}.Debug|iPhoneSimulator.Build.0 = Debug|Any CPU
		{CA9FAF26-3400-498E-9524-635EC830D4B6}.Debug|iPhoneSimulator.Deploy.0 = Debug|Any CPU
		{CA9FAF26-3400-498E-9524-635EC830D4B6}.Release|Any CPU.ActiveCfg = Release|Any CPU
		{CA9FAF26-3400-498E-9524-635EC830D4B6}.Release|Any CPU.Build.0 = Release|Any CPU
		{CA9FAF26-3400-498E-9524-635EC830D4B6}.Release|Any CPU.Deploy.0 = Release|Any CPU
		{CA9FAF26-3400-498E-9524-635EC830D4B6}.Release|iPhone.ActiveCfg = Release|Any CPU
		{CA9FAF26-3400-498E-9524-635EC830D4B6}.Release|iPhone.Build.0 = Release|Any CPU
		{CA9FAF26-3400-498E-9524-635EC830D4B6}.Release|iPhone.Deploy.0 = Release|Any CPU
		{CA9FAF26-3400-498E-9524-635EC830D4B6}.Release|iPhoneSimulator.ActiveCfg = Release|Any CPU
		{CA9FAF26-3400-498E-9524-635EC830D4B6}.Release|iPhoneSimulator.Build.0 = Release|Any CPU
		{CA9FAF26-3400-498E-9524-635EC830D4B6}.Release|iPhoneSimulator.Deploy.0 = Release|Any CPU
		{029649F0-091B-455C-988B-5FA139D07ABB}.Debug|Any CPU.ActiveCfg = Debug|iPhone
		{029649F0-091B-455C-988B-5FA139D07ABB}.Debug|Any CPU.Build.0 = Debug|iPhone
		{029649F0-091B-455C-988B-5FA139D07ABB}.Debug|Any CPU.Deploy.0 = Debug|iPhone
		{029649F0-091B-455C-988B-5FA139D07ABB}.Debug|iPhone.ActiveCfg = Debug|iPhone
		{029649F0-091B-455C-988B-5FA139D07ABB}.Debug|iPhone.Build.0 = Debug|iPhone
		{029649F0-091B-455C-988B-5FA139D07ABB}.Debug|iPhone.Deploy.0 = Debug|iPhone
		{029649F0-091B-455C-988B-5FA139D07ABB}.Debug|iPhoneSimulator.ActiveCfg = Debug|iPhoneSimulator
		{029649F0-091B-455C-988B-5FA139D07ABB}.Debug|iPhoneSimulator.Build.0 = Debug|iPhoneSimulator
		{029649F0-091B-455C-988B-5FA139D07ABB}.Debug|iPhoneSimulator.Deploy.0 = Debug|iPhoneSimulator
		{029649F0-091B-455C-988B-5FA139D07ABB}.Release|Any CPU.ActiveCfg = Release|iPhone
		{029649F0-091B-455C-988B-5FA139D07ABB}.Release|Any CPU.Build.0 = Release|iPhone
		{029649F0-091B-455C-988B-5FA139D07ABB}.Release|Any CPU.Deploy.0 = Release|iPhone
		{029649F0-091B-455C-988B-5FA139D07ABB}.Release|iPhone.ActiveCfg = Release|iPhone
		{029649F0-091B-455C-988B-5FA139D07ABB}.Release|iPhone.Build.0 = Release|iPhone
		{029649F0-091B-455C-988B-5FA139D07ABB}.Release|iPhone.Deploy.0 = Release|iPhone
		{029649F0-091B-455C-988B-5FA139D07ABB}.Release|iPhoneSimulator.ActiveCfg = Release|iPhoneSimulator
		{029649F0-091B-455C-988B-5FA139D07ABB}.Release|iPhoneSimulator.Build.0 = Release|iPhoneSimulator
		{029649F0-091B-455C-988B-5FA139D07ABB}.Release|iPhoneSimulator.Deploy.0 = Release|iPhoneSimulator
		{364C9CA3-D77F-411A-B5D2-119874C4B48A}.Debug|Any CPU.ActiveCfg = Debug|Any CPU
		{364C9CA3-D77F-411A-B5D2-119874C4B48A}.Debug|Any CPU.Build.0 = Debug|Any CPU
		{364C9CA3-D77F-411A-B5D2-119874C4B48A}.Debug|Any CPU.Deploy.0 = Debug|Any CPU
		{364C9CA3-D77F-411A-B5D2-119874C4B48A}.Debug|iPhone.ActiveCfg = Debug|Any CPU
		{364C9CA3-D77F-411A-B5D2-119874C4B48A}.Debug|iPhone.Build.0 = Debug|Any CPU
		{364C9CA3-D77F-411A-B5D2-119874C4B48A}.Debug|iPhone.Deploy.0 = Debug|Any CPU
		{364C9CA3-D77F-411A-B5D2-119874C4B48A}.Debug|iPhoneSimulator.ActiveCfg = Debug|Any CPU
		{364C9CA3-D77F-411A-B5D2-119874C4B48A}.Debug|iPhoneSimulator.Build.0 = Debug|Any CPU
		{364C9CA3-D77F-411A-B5D2-119874C4B48A}.Debug|iPhoneSimulator.Deploy.0 = Debug|Any CPU
		{364C9CA3-D77F-411A-B5D2-119874C4B48A}.Release|Any CPU.ActiveCfg = Release|Any CPU
		{364C9CA3-D77F-411A-B5D2-119874C4B48A}.Release|Any CPU.Build.0 = Release|Any CPU
		{364C9CA3-D77F-411A-B5D2-119874C4B48A}.Release|Any CPU.Deploy.0 = Release|Any CPU
		{364C9CA3-D77F-411A-B5D2-119874C4B48A}.Release|iPhone.ActiveCfg = Release|Any CPU
		{364C9CA3-D77F-411A-B5D2-119874C4B48A}.Release|iPhone.Build.0 = Release|Any CPU
		{364C9CA3-D77F-411A-B5D2-119874C4B48A}.Release|iPhone.Deploy.0 = Release|Any CPU
		{364C9CA3-D77F-411A-B5D2-119874C4B48A}.Release|iPhoneSimulator.ActiveCfg = Release|Any CPU
		{364C9CA3-D77F-411A-B5D2-119874C4B48A}.Release|iPhoneSimulator.Build.0 = Release|Any CPU
		{364C9CA3-D77F-411A-B5D2-119874C4B48A}.Release|iPhoneSimulator.Deploy.0 = Release|Any CPU
	EndGlobalSection
	GlobalSection(SolutionProperties) = preSolution
		HideSolutionNode = FALSE
	EndGlobalSection
	GlobalSection(ExtensibilityGlobals) = postSolution
		SolutionGuid = {B5E85D15-4294-4799-8636-6F9742C825C8}
	EndGlobalSection
EndGlobal
